
Microsoft Visual Studio Solution File, Format Version 12.00
# Visual Studio Version 16
VisualStudioVersion = 16.0.30907.101
MinimumVisualStudioVersion = 10.0.40219.1
Project("{FAE04EC0-301F-11D3-BF4B-00C04F79EFBC}") = "TweetWebApplication", "TweetWebApplication.csproj", "{8D2FE388-9050-4F3D-B6A7-6C6C5361FD82}"
EndProject
Global
	GlobalSection(SolutionConfigurationPlatforms) = preSolution
		Debug|Any CPU = Debug|Any CPU
		Release|Any CPU = Release|Any CPU
	EndGlobalSection
	GlobalSection(ProjectConfigurationPlatforms) = postSolution
		{8D2FE388-9050-4F3D-B6A7-6C6C5361FD82}.Debug|Any CPU.ActiveCfg = Debug|Any CPU
		{8D2FE388-9050-4F3D-B6A7-6C6C5361FD82}.Debug|Any CPU.Build.0 = Debug|Any CPU
		{8D2FE388-9050-4F3D-B6A7-6C6C5361FD82}.Release|Any CPU.ActiveCfg = Release|Any CPU
		{8D2FE388-9050-4F3D-B6A7-6C6C5361FD82}.Release|Any CPU.Build.0 = Release|Any CPU
	EndGlobalSection
	GlobalSection(SolutionProperties) = preSolution
		HideSolutionNode = FALSE
	EndGlobalSection
	GlobalSection(ExtensibilityGlobals) = postSolution
		SolutionGuid = {5C68B788-A014-4557-88B2-A81F3263A3F4}
	EndGlobalSection
EndGlobal
